
Microsoft Visual Studio Solution File, Format Version 12.00
# Visual Studio 15
VisualStudioVersion = 15.0.26730.8
MinimumVisualStudioVersion = 10.0.40219.1
Project("{8BC9CEB8-8B4A-11D0-8D11-00A0C91BC942}") = "Legacy", "Legacy\Legacy.vcxproj", "{7BC554CC-3FB7-44D4-8F9D-55151C0FD09E}"
EndProject
Project("{8BC9CEB8-8B4A-11D0-8D11-00A0C91BC942}") = "Bootstrap", "Bootstrap\Bootstrap.vcxproj", "{486DCF74-6ED0-43B4-9349-BB79C0A8408B}"
EndProject
Project("{8BC9CEB8-8B4A-11D0-8D11-00A0C91BC942}") = "NativeTest", "NativeTest\NativeTest.vcxproj", "{426A2744-8736-4F72-B69B-6CB30777552D}"
EndProject
Global
	GlobalSection(SolutionConfigurationPlatforms) = preSolution
		Debug|Win32 = Debug|Win32
		Debug|x64 = Debug|x64
		Release|Win32 = Release|Win32
		Release|x64 = Release|x64
	EndGlobalSection
	GlobalSection(ProjectConfigurationPlatforms) = postSolution
		{7BC554CC-3FB7-44D4-8F9D-55151C0FD09E}.Debug|Win32.ActiveCfg = Debug|Win32
		{7BC554CC-3FB7-44D4-8F9D-55151C0FD09E}.Debug|Win32.Build.0 = Debug|Win32
		{7BC554CC-3FB7-44D4-8F9D-55151C0FD09E}.Debug|x64.ActiveCfg = Debug|Win32
		{7BC554CC-3FB7-44D4-8F9D-55151C0FD09E}.Debug|x64.Build.0 = Debug|Win32
		{7BC554CC-3FB7-44D4-8F9D-55151C0FD09E}.Release|Win32.ActiveCfg = Release|Win32
		{7BC554CC-3FB7-44D4-8F9D-55151C0FD09E}.Release|Win32.Build.0 = Release|Win32
		{7BC554CC-3FB7-44D4-8F9D-55151C0FD09E}.Release|x64.ActiveCfg = Release|Win32
		{7BC554CC-3FB7-44D4-8F9D-55151C0FD09E}.Release|x64.Build.0 = Release|Win32
		{486DCF74-6ED0-43B4-9349-BB79C0A8408B}.Debug|Win32.ActiveCfg = Debug|Win32
		{486DCF74-6ED0-43B4-9349-BB79C0A8408B}.Debug|Win32.Build.0 = Debug|Win32
		{486DCF74-6ED0-43B4-9349-BB79C0A8408B}.Debug|x64.ActiveCfg = Debug|Win32
		{486DCF74-6ED0-43B4-9349-BB79C0A8408B}.Debug|x64.Build.0 = Debug|Win32
		{486DCF74-6ED0-43B4-9349-BB79C0A8408B}.Release|Win32.ActiveCfg = Release|Win32
		{486DCF74-6ED0-43B4-9349-BB79C0A8408B}.Release|Win32.Build.0 = Release|Win32
		{486DCF74-6ED0-43B4-9349-BB79C0A8408B}.Release|x64.ActiveCfg = Release|Win32
		{486DCF74-6ED0-43B4-9349-BB79C0A8408B}.Release|x64.Build.0 = Release|Win32
		{426A2744-8736-4F72-B69B-6CB30777552D}.Debug|Win32.ActiveCfg = Debug|Win32
		{426A2744-8736-4F72-B69B-6CB30777552D}.Debug|Win32.Build.0 = Debug|Win32
		{426A2744-8736-4F72-B69B-6CB30777552D}.Debug|x64.ActiveCfg = Debug|x64
		{426A2744-8736-4F72-B69B-6CB30777552D}.Debug|x64.Build.0 = Debug|x64
		{426A2744-8736-4F72-B69B-6CB30777552D}.Release|Win32.ActiveCfg = Release|Win32
		{426A2744-8736-4F72-B69B-6CB30777552D}.Release|Win32.Build.0 = Release|Win32
		{426A2744-8736-4F72-B69B-6CB30777552D}.Release|x64.ActiveCfg = Release|x64
		{426A2744-8736-4F72-B69B-6CB30777552D}.Release|x64.Build.0 = Release|x64
	EndGlobalSection
	GlobalSection(SolutionProperties) = preSolution
		HideSolutionNode = FALSE
	EndGlobalSection
	GlobalSection(ExtensibilityGlobals) = postSolution
		SolutionGuid = {4CF11FB6-1364-4B7B-8114-3F6BDAF0B5AB}
	EndGlobalSection
EndGlobal
