
Microsoft Visual Studio Solution File, Format Version 12.00
# Visual Studio Version 17
VisualStudioVersion = 17.9.34723.18
MinimumVisualStudioVersion = 10.0.40219.1
Project("{8BC9CEB8-8B4A-11D0-8D11-00A0C91BC942}") = "Bootstrap", "Projects\Bootstrap\Bootstrap.vcxproj", "{486DCF74-6ED0-43B4-9349-BB79C0A8408B}"
EndProject
Project("{8BC9CEB8-8B4A-11D0-8D11-00A0C91BC942}") = "LegacyCGILinux", "Projects\LegacyCGILinux\LegacyCGILinux.vcxproj", "{A4E72637-DBEB-4C43-AF6E-6A4AEADC906E}"
EndProject
Project("{8BC9CEB8-8B4A-11D0-8D11-00A0C91BC942}") = "LegacyCGIWindows", "Projects\LegacyCGIWindows\LegacyCGIWindows.vcxproj", "{7BC554CC-3FB7-44D4-8F9D-55151C0FD09E}"
EndProject
Project("{8BC9CEB8-8B4A-11D0-8D11-00A0C91BC942}") = "UnitTestsWindows", "Projects\UnitTestsWindows\NativeTest.vcxproj", "{426A2744-8736-4F72-B69B-6CB30777552D}"
EndProject
Project("{8BC9CEB8-8B4A-11D0-8D11-00A0C91BC942}") = "UnitTestsCatch2", "Projects\UnitTestsCatch2\UnitTestsCatch2.vcxproj", "{B0E8AA4A-C28D-4C8E-9A9D-1BBC765B4029}"
EndProject
Project("{8BC9CEB8-8B4A-11D0-8D11-00A0C91BC942}") = "Bookmarks", "Projects\Bookmarks\Bookmarks.vcxproj", "{5B660727-33FF-4359-AA28-63223B10912F}"
EndProject
Project("{8BC9CEB8-8B4A-11D0-8D11-00A0C91BC942}") = "TestConsoleOutput", "Projects\TestConsoleOutput\TestConsoleOutput.vcxproj", "{4746BF55-19D0-44A8-8E3A-018852457F3D}"
EndProject
Global
	GlobalSection(SolutionConfigurationPlatforms) = preSolution
		Debug|ARM = Debug|ARM
		Debug|ARM64 = Debug|ARM64
		Debug|x64 = Debug|x64
		Debug|x86 = Debug|x86
		Release|ARM = Release|ARM
		Release|ARM64 = Release|ARM64
		Release|x64 = Release|x64
		Release|x86 = Release|x86
	EndGlobalSection
	GlobalSection(ProjectConfigurationPlatforms) = postSolution
		{486DCF74-6ED0-43B4-9349-BB79C0A8408B}.Debug|ARM.ActiveCfg = Debug|Win32
		{486DCF74-6ED0-43B4-9349-BB79C0A8408B}.Debug|ARM.Build.0 = Debug|Win32
		{486DCF74-6ED0-43B4-9349-BB79C0A8408B}.Debug|ARM64.ActiveCfg = Debug|Win32
		{486DCF74-6ED0-43B4-9349-BB79C0A8408B}.Debug|ARM64.Build.0 = Debug|Win32
		{486DCF74-6ED0-43B4-9349-BB79C0A8408B}.Debug|x64.ActiveCfg = Debug|Win32
		{486DCF74-6ED0-43B4-9349-BB79C0A8408B}.Debug|x64.Build.0 = Debug|Win32
		{486DCF74-6ED0-43B4-9349-BB79C0A8408B}.Debug|x86.ActiveCfg = Debug|Win32
		{486DCF74-6ED0-43B4-9349-BB79C0A8408B}.Debug|x86.Build.0 = Debug|Win32
		{486DCF74-6ED0-43B4-9349-BB79C0A8408B}.Release|ARM.ActiveCfg = Release|Win32
		{486DCF74-6ED0-43B4-9349-BB79C0A8408B}.Release|ARM.Build.0 = Release|Win32
		{486DCF74-6ED0-43B4-9349-BB79C0A8408B}.Release|ARM64.ActiveCfg = Release|Win32
		{486DCF74-6ED0-43B4-9349-BB79C0A8408B}.Release|ARM64.Build.0 = Release|Win32
		{486DCF74-6ED0-43B4-9349-BB79C0A8408B}.Release|x64.ActiveCfg = Release|Win32
		{486DCF74-6ED0-43B4-9349-BB79C0A8408B}.Release|x64.Build.0 = Release|Win32
		{486DCF74-6ED0-43B4-9349-BB79C0A8408B}.Release|x86.ActiveCfg = Release|Win32
		{486DCF74-6ED0-43B4-9349-BB79C0A8408B}.Release|x86.Build.0 = Release|Win32
		{A4E72637-DBEB-4C43-AF6E-6A4AEADC906E}.Debug|ARM.ActiveCfg = Debug|ARM
		{A4E72637-DBEB-4C43-AF6E-6A4AEADC906E}.Debug|ARM.Build.0 = Debug|ARM
		{A4E72637-DBEB-4C43-AF6E-6A4AEADC906E}.Debug|ARM.Deploy.0 = Debug|ARM
		{A4E72637-DBEB-4C43-AF6E-6A4AEADC906E}.Debug|ARM64.ActiveCfg = Debug|ARM64
		{A4E72637-DBEB-4C43-AF6E-6A4AEADC906E}.Debug|ARM64.Build.0 = Debug|ARM64
		{A4E72637-DBEB-4C43-AF6E-6A4AEADC906E}.Debug|ARM64.Deploy.0 = Debug|ARM64
		{A4E72637-DBEB-4C43-AF6E-6A4AEADC906E}.Debug|x64.ActiveCfg = Debug|x64
		{A4E72637-DBEB-4C43-AF6E-6A4AEADC906E}.Debug|x64.Build.0 = Debug|x64
		{A4E72637-DBEB-4C43-AF6E-6A4AEADC906E}.Debug|x64.Deploy.0 = Debug|x64
		{A4E72637-DBEB-4C43-AF6E-6A4AEADC906E}.Debug|x86.ActiveCfg = Debug|x86
		{A4E72637-DBEB-4C43-AF6E-6A4AEADC906E}.Debug|x86.Build.0 = Debug|x86
		{A4E72637-DBEB-4C43-AF6E-6A4AEADC906E}.Debug|x86.Deploy.0 = Debug|x86
		{A4E72637-DBEB-4C43-AF6E-6A4AEADC906E}.Release|ARM.ActiveCfg = Release|ARM
		{A4E72637-DBEB-4C43-AF6E-6A4AEADC906E}.Release|ARM.Build.0 = Release|ARM
		{A4E72637-DBEB-4C43-AF6E-6A4AEADC906E}.Release|ARM.Deploy.0 = Release|ARM
		{A4E72637-DBEB-4C43-AF6E-6A4AEADC906E}.Release|ARM64.ActiveCfg = Release|ARM64
		{A4E72637-DBEB-4C43-AF6E-6A4AEADC906E}.Release|ARM64.Build.0 = Release|ARM64
		{A4E72637-DBEB-4C43-AF6E-6A4AEADC906E}.Release|ARM64.Deploy.0 = Release|ARM64
		{A4E72637-DBEB-4C43-AF6E-6A4AEADC906E}.Release|x64.ActiveCfg = Release|x64
		{A4E72637-DBEB-4C43-AF6E-6A4AEADC906E}.Release|x64.Build.0 = Release|x64
		{A4E72637-DBEB-4C43-AF6E-6A4AEADC906E}.Release|x64.Deploy.0 = Release|x64
		{A4E72637-DBEB-4C43-AF6E-6A4AEADC906E}.Release|x86.ActiveCfg = Release|x86
		{A4E72637-DBEB-4C43-AF6E-6A4AEADC906E}.Release|x86.Build.0 = Release|x86
		{A4E72637-DBEB-4C43-AF6E-6A4AEADC906E}.Release|x86.Deploy.0 = Release|x86
		{7BC554CC-3FB7-44D4-8F9D-55151C0FD09E}.Debug|ARM.ActiveCfg = Debug|Win32
		{7BC554CC-3FB7-44D4-8F9D-55151C0FD09E}.Debug|ARM.Build.0 = Debug|Win32
		{7BC554CC-3FB7-44D4-8F9D-55151C0FD09E}.Debug|ARM64.ActiveCfg = Debug|Win32
		{7BC554CC-3FB7-44D4-8F9D-55151C0FD09E}.Debug|ARM64.Build.0 = Debug|Win32
		{7BC554CC-3FB7-44D4-8F9D-55151C0FD09E}.Debug|x64.ActiveCfg = Debug|Win32
		{7BC554CC-3FB7-44D4-8F9D-55151C0FD09E}.Debug|x64.Build.0 = Debug|Win32
		{7BC554CC-3FB7-44D4-8F9D-55151C0FD09E}.Debug|x86.ActiveCfg = Debug|Win32
		{7BC554CC-3FB7-44D4-8F9D-55151C0FD09E}.Debug|x86.Build.0 = Debug|Win32
		{7BC554CC-3FB7-44D4-8F9D-55151C0FD09E}.Release|ARM.ActiveCfg = Release|Win32
		{7BC554CC-3FB7-44D4-8F9D-55151C0FD09E}.Release|ARM.Build.0 = Release|Win32
		{7BC554CC-3FB7-44D4-8F9D-55151C0FD09E}.Release|ARM64.ActiveCfg = Release|Win32
		{7BC554CC-3FB7-44D4-8F9D-55151C0FD09E}.Release|ARM64.Build.0 = Release|Win32
		{7BC554CC-3FB7-44D4-8F9D-55151C0FD09E}.Release|x64.ActiveCfg = Release|Win32
		{7BC554CC-3FB7-44D4-8F9D-55151C0FD09E}.Release|x64.Build.0 = Release|Win32
		{7BC554CC-3FB7-44D4-8F9D-55151C0FD09E}.Release|x86.ActiveCfg = Release|Win32
		{7BC554CC-3FB7-44D4-8F9D-55151C0FD09E}.Release|x86.Build.0 = Release|Win32
		{426A2744-8736-4F72-B69B-6CB30777552D}.Debug|ARM.ActiveCfg = Debug|x64
		{426A2744-8736-4F72-B69B-6CB30777552D}.Debug|ARM.Build.0 = Debug|x64
		{426A2744-8736-4F72-B69B-6CB30777552D}.Debug|ARM64.ActiveCfg = Debug|x64
		{426A2744-8736-4F72-B69B-6CB30777552D}.Debug|ARM64.Build.0 = Debug|x64
		{426A2744-8736-4F72-B69B-6CB30777552D}.Debug|x64.ActiveCfg = Debug|x64
		{426A2744-8736-4F72-B69B-6CB30777552D}.Debug|x64.Build.0 = Debug|x64
		{426A2744-8736-4F72-B69B-6CB30777552D}.Debug|x86.ActiveCfg = Debug|Win32
		{426A2744-8736-4F72-B69B-6CB30777552D}.Debug|x86.Build.0 = Debug|Win32
		{426A2744-8736-4F72-B69B-6CB30777552D}.Release|ARM.ActiveCfg = Release|x64
		{426A2744-8736-4F72-B69B-6CB30777552D}.Release|ARM.Build.0 = Release|x64
		{426A2744-8736-4F72-B69B-6CB30777552D}.Release|ARM64.ActiveCfg = Release|x64
		{426A2744-8736-4F72-B69B-6CB30777552D}.Release|ARM64.Build.0 = Release|x64
		{426A2744-8736-4F72-B69B-6CB30777552D}.Release|x64.ActiveCfg = Release|x64
		{426A2744-8736-4F72-B69B-6CB30777552D}.Release|x64.Build.0 = Release|x64
		{426A2744-8736-4F72-B69B-6CB30777552D}.Release|x86.ActiveCfg = Release|Win32
		{426A2744-8736-4F72-B69B-6CB30777552D}.Release|x86.Build.0 = Release|Win32
		{B0E8AA4A-C28D-4C8E-9A9D-1BBC765B4029}.Debug|ARM.ActiveCfg = Debug|ARM
		{B0E8AA4A-C28D-4C8E-9A9D-1BBC765B4029}.Debug|ARM.Build.0 = Debug|ARM
		{B0E8AA4A-C28D-4C8E-9A9D-1BBC765B4029}.Debug|ARM.Deploy.0 = Debug|ARM
		{B0E8AA4A-C28D-4C8E-9A9D-1BBC765B4029}.Debug|ARM64.ActiveCfg = Debug|ARM64
		{B0E8AA4A-C28D-4C8E-9A9D-1BBC765B4029}.Debug|ARM64.Build.0 = Debug|ARM64
		{B0E8AA4A-C28D-4C8E-9A9D-1BBC765B4029}.Debug|ARM64.Deploy.0 = Debug|ARM64
		{B0E8AA4A-C28D-4C8E-9A9D-1BBC765B4029}.Debug|x64.ActiveCfg = Debug|x64
		{B0E8AA4A-C28D-4C8E-9A9D-1BBC765B4029}.Debug|x64.Build.0 = Debug|x64
		{B0E8AA4A-C28D-4C8E-9A9D-1BBC765B4029}.Debug|x64.Deploy.0 = Debug|x64
		{B0E8AA4A-C28D-4C8E-9A9D-1BBC765B4029}.Debug|x86.ActiveCfg = Debug|x86
		{B0E8AA4A-C28D-4C8E-9A9D-1BBC765B4029}.Debug|x86.Build.0 = Debug|x86
		{B0E8AA4A-C28D-4C8E-9A9D-1BBC765B4029}.Debug|x86.Deploy.0 = Debug|x86
		{B0E8AA4A-C28D-4C8E-9A9D-1BBC765B4029}.Release|ARM.ActiveCfg = Release|ARM
		{B0E8AA4A-C28D-4C8E-9A9D-1BBC765B4029}.Release|ARM.Build.0 = Release|ARM
		{B0E8AA4A-C28D-4C8E-9A9D-1BBC765B4029}.Release|ARM.Deploy.0 = Release|ARM
		{B0E8AA4A-C28D-4C8E-9A9D-1BBC765B4029}.Release|ARM64.ActiveCfg = Release|ARM64
		{B0E8AA4A-C28D-4C8E-9A9D-1BBC765B4029}.Release|ARM64.Build.0 = Release|ARM64
		{B0E8AA4A-C28D-4C8E-9A9D-1BBC765B4029}.Release|ARM64.Deploy.0 = Release|ARM64
		{B0E8AA4A-C28D-4C8E-9A9D-1BBC765B4029}.Release|x64.ActiveCfg = Release|x64
		{B0E8AA4A-C28D-4C8E-9A9D-1BBC765B4029}.Release|x64.Build.0 = Release|x64
		{B0E8AA4A-C28D-4C8E-9A9D-1BBC765B4029}.Release|x64.Deploy.0 = Release|x64
		{B0E8AA4A-C28D-4C8E-9A9D-1BBC765B4029}.Release|x86.ActiveCfg = Release|x86
		{B0E8AA4A-C28D-4C8E-9A9D-1BBC765B4029}.Release|x86.Build.0 = Release|x86
		{B0E8AA4A-C28D-4C8E-9A9D-1BBC765B4029}.Release|x86.Deploy.0 = Release|x86
		{5B660727-33FF-4359-AA28-63223B10912F}.Debug|ARM.ActiveCfg = Debug|ARM
		{5B660727-33FF-4359-AA28-63223B10912F}.Debug|ARM.Build.0 = Debug|ARM
		{5B660727-33FF-4359-AA28-63223B10912F}.Debug|ARM.Deploy.0 = Debug|ARM
		{5B660727-33FF-4359-AA28-63223B10912F}.Debug|ARM64.ActiveCfg = Debug|ARM64
		{5B660727-33FF-4359-AA28-63223B10912F}.Debug|ARM64.Build.0 = Debug|ARM64
		{5B660727-33FF-4359-AA28-63223B10912F}.Debug|ARM64.Deploy.0 = Debug|ARM64
		{5B660727-33FF-4359-AA28-63223B10912F}.Debug|x64.ActiveCfg = Debug|x64
		{5B660727-33FF-4359-AA28-63223B10912F}.Debug|x64.Build.0 = Debug|x64
		{5B660727-33FF-4359-AA28-63223B10912F}.Debug|x64.Deploy.0 = Debug|x64
		{5B660727-33FF-4359-AA28-63223B10912F}.Debug|x86.ActiveCfg = Debug|x86
		{5B660727-33FF-4359-AA28-63223B10912F}.Debug|x86.Build.0 = Debug|x86
		{5B660727-33FF-4359-AA28-63223B10912F}.Debug|x86.Deploy.0 = Debug|x86
		{5B660727-33FF-4359-AA28-63223B10912F}.Release|ARM.ActiveCfg = Release|ARM
		{5B660727-33FF-4359-AA28-63223B10912F}.Release|ARM.Build.0 = Release|ARM
		{5B660727-33FF-4359-AA28-63223B10912F}.Release|ARM.Deploy.0 = Release|ARM
		{5B660727-33FF-4359-AA28-63223B10912F}.Release|ARM64.ActiveCfg = Release|ARM64
		{5B660727-33FF-4359-AA28-63223B10912F}.Release|ARM64.Build.0 = Release|ARM64
		{5B660727-33FF-4359-AA28-63223B10912F}.Release|ARM64.Deploy.0 = Release|ARM64
		{5B660727-33FF-4359-AA28-63223B10912F}.Release|x64.ActiveCfg = Release|x64
		{5B660727-33FF-4359-AA28-63223B10912F}.Release|x64.Build.0 = Release|x64
		{5B660727-33FF-4359-AA28-63223B10912F}.Release|x64.Deploy.0 = Release|x64
		{5B660727-33FF-4359-AA28-63223B10912F}.Release|x86.ActiveCfg = Release|x86
		{5B660727-33FF-4359-AA28-63223B10912F}.Release|x86.Build.0 = Release|x86
		{5B660727-33FF-4359-AA28-63223B10912F}.Release|x86.Deploy.0 = Release|x86
		{4746BF55-19D0-44A8-8E3A-018852457F3D}.Debug|ARM.ActiveCfg = Debug|ARM
		{4746BF55-19D0-44A8-8E3A-018852457F3D}.Debug|ARM.Build.0 = Debug|ARM
		{4746BF55-19D0-44A8-8E3A-018852457F3D}.Debug|ARM.Deploy.0 = Debug|ARM
		{4746BF55-19D0-44A8-8E3A-018852457F3D}.Debug|ARM64.ActiveCfg = Debug|ARM64
		{4746BF55-19D0-44A8-8E3A-018852457F3D}.Debug|ARM64.Build.0 = Debug|ARM64
		{4746BF55-19D0-44A8-8E3A-018852457F3D}.Debug|ARM64.Deploy.0 = Debug|ARM64
		{4746BF55-19D0-44A8-8E3A-018852457F3D}.Debug|x64.ActiveCfg = Debug|x64
		{4746BF55-19D0-44A8-8E3A-018852457F3D}.Debug|x64.Build.0 = Debug|x64
		{4746BF55-19D0-44A8-8E3A-018852457F3D}.Debug|x64.Deploy.0 = Debug|x64
		{4746BF55-19D0-44A8-8E3A-018852457F3D}.Debug|x86.ActiveCfg = Debug|x86
		{4746BF55-19D0-44A8-8E3A-018852457F3D}.Debug|x86.Build.0 = Debug|x86
		{4746BF55-19D0-44A8-8E3A-018852457F3D}.Debug|x86.Deploy.0 = Debug|x86
		{4746BF55-19D0-44A8-8E3A-018852457F3D}.Release|ARM.ActiveCfg = Release|ARM
		{4746BF55-19D0-44A8-8E3A-018852457F3D}.Release|ARM.Build.0 = Release|ARM
		{4746BF55-19D0-44A8-8E3A-018852457F3D}.Release|ARM.Deploy.0 = Release|ARM
		{4746BF55-19D0-44A8-8E3A-018852457F3D}.Release|ARM64.ActiveCfg = Release|ARM64
		{4746BF55-19D0-44A8-8E3A-018852457F3D}.Release|ARM64.Build.0 = Release|ARM64
		{4746BF55-19D0-44A8-8E3A-018852457F3D}.Release|ARM64.Deploy.0 = Release|ARM64
		{4746BF55-19D0-44A8-8E3A-018852457F3D}.Release|x64.ActiveCfg = Release|x64
		{4746BF55-19D0-44A8-8E3A-018852457F3D}.Release|x64.Build.0 = Release|x64
		{4746BF55-19D0-44A8-8E3A-018852457F3D}.Release|x64.Deploy.0 = Release|x64
		{4746BF55-19D0-44A8-8E3A-018852457F3D}.Release|x86.ActiveCfg = Release|x86
		{4746BF55-19D0-44A8-8E3A-018852457F3D}.Release|x86.Build.0 = Release|x86
		{4746BF55-19D0-44A8-8E3A-018852457F3D}.Release|x86.Deploy.0 = Release|x86
	EndGlobalSection
	GlobalSection(SolutionProperties) = preSolution
		HideSolutionNode = FALSE
	EndGlobalSection
	GlobalSection(ExtensibilityGlobals) = postSolution
		SolutionGuid = {4CF11FB6-1364-4B7B-8114-3F6BDAF0B5AB}
	EndGlobalSection
EndGlobal
